{
  "object": {
    "pins": [
      {
        "package": "SwiftRs",
        "repositoryURL": "https://github.com/Brendonovich/swift-rs",
        "state": {
          "branch": null,
          "revision": "207e4bfe5d36fdd0cc08f28d1849ff94ac7e24b8",
          "version": "1.0.9"
        }
      }
    ]
  },
  "version": 1
}
